
Microsoft Visual Studio Solution File, Format Version 12.00
# Visual Studio Version 17
VisualStudioVersion = 17.2.32526.322
MinimumVisualStudioVersion = 10.0.40219.1
Project("{9A19103F-16F7-4668-BE54-9A1E7A4F7556}") = "Common", "Common\Common.csproj", "{02471280-7275-400E-B77E-351C23A0E56B}"
EndProject
Project("{9A19103F-16F7-4668-BE54-9A1E7A4F7556}") = "Configuration", "Configuration\Configuration.csproj", "{93EE0673-1CAC-4683-AB62-60914A0F5A2F}"
EndProject
Project("{9A19103F-16F7-4668-BE54-9A1E7A4F7556}") = "WebTests", "Tests\WebTests.csproj", "{F7B51A84-8C3F-4D08-A9CB-72B0E323F434}"
EndProject
Global
	GlobalSection(SolutionConfigurationPlatforms) = preSolution
		Debug|Any CPU = Debug|Any CPU
		Release|Any CPU = Release|Any CPU
	EndGlobalSection
	GlobalSection(ProjectConfigurationPlatforms) = postSolution
		{02471280-7275-400E-B77E-351C23A0E56B}.Debug|Any CPU.ActiveCfg = Debug|Any CPU
		{02471280-7275-400E-B77E-351C23A0E56B}.Debug|Any CPU.Build.0 = Debug|Any CPU
		{02471280-7275-400E-B77E-351C23A0E56B}.Release|Any CPU.ActiveCfg = Release|Any CPU
		{02471280-7275-400E-B77E-351C23A0E56B}.Release|Any CPU.Build.0 = Release|Any CPU
		{93EE0673-1CAC-4683-AB62-60914A0F5A2F}.Debug|Any CPU.ActiveCfg = Debug|Any CPU
		{93EE0673-1CAC-4683-AB62-60914A0F5A2F}.Debug|Any CPU.Build.0 = Debug|Any CPU
		{93EE0673-1CAC-4683-AB62-60914A0F5A2F}.Release|Any CPU.ActiveCfg = Release|Any CPU
		{93EE0673-1CAC-4683-AB62-60914A0F5A2F}.Release|Any CPU.Build.0 = Release|Any CPU
		{F7B51A84-8C3F-4D08-A9CB-72B0E323F434}.Debug|Any CPU.ActiveCfg = Debug|Any CPU
		{F7B51A84-8C3F-4D08-A9CB-72B0E323F434}.Debug|Any CPU.Build.0 = Debug|Any CPU
		{F7B51A84-8C3F-4D08-A9CB-72B0E323F434}.Release|Any CPU.ActiveCfg = Release|Any CPU
		{F7B51A84-8C3F-4D08-A9CB-72B0E323F434}.Release|Any CPU.Build.0 = Release|Any CPU
	EndGlobalSection
	GlobalSection(SolutionProperties) = preSolution
		HideSolutionNode = FALSE
	EndGlobalSection
	GlobalSection(ExtensibilityGlobals) = postSolution
		SolutionGuid = {673FF49C-4DE5-482E-B040-F870F0D56D6C}
	EndGlobalSection
EndGlobal
